
Microsoft Visual Studio Solution File, Format Version 12.00
Project("{FAE04EC0-301F-11D3-BF4B-00C04F79EFBC}") = "ThreadingSample", "ThreadingSample\ThreadingSample.csproj", "{3142D21E-3151-4814-BC4A-47F3F574C6E4}"
EndProject
Global
	GlobalSection(SolutionConfigurationPlatforms) = preSolution
		Debug|Any CPU = Debug|Any CPU
		Release|Any CPU = Release|Any CPU
	EndGlobalSection
	GlobalSection(ProjectConfigurationPlatforms) = postSolution
		{3142D21E-3151-4814-BC4A-47F3F574C6E4}.Debug|Any CPU.ActiveCfg = Debug|Any CPU
		{3142D21E-3151-4814-BC4A-47F3F574C6E4}.Debug|Any CPU.Build.0 = Debug|Any CPU
		{3142D21E-3151-4814-BC4A-47F3F574C6E4}.Release|Any CPU.ActiveCfg = Release|Any CPU
		{3142D21E-3151-4814-BC4A-47F3F574C6E4}.Release|Any CPU.Build.0 = Release|Any CPU
	EndGlobalSection
EndGlobal
